
Microsoft Visual Studio Solution File, Format Version 12.00
# Visual Studio Version 17
VisualStudioVersion = 17.12.35707.178 d17.12
MinimumVisualStudioVersion = 10.0.40219.1
Project("{FAE04EC0-301F-11D3-BF4B-00C04F79EFBC}") = "InterpolationTests", "InterpolationTests\InterpolationTests.csproj", "{BAAEECBE-AEE8-462B-8BB2-DB9C5547113E}"
EndProject
Project("{FAE04EC0-301F-11D3-BF4B-00C04F79EFBC}") = "InterpolationTests.Tests", "InterpolationTests.Tests\InterpolationTests.Tests.csproj", "{BE8865B2-78C0-40E2-A4E7-1572BA72AE27}"
EndProject
Global
	GlobalSection(SolutionConfigurationPlatforms) = preSolution
		Debug|Any CPU = Debug|Any CPU
		Release|Any CPU = Release|Any CPU
	EndGlobalSection
	GlobalSection(ProjectConfigurationPlatforms) = postSolution
		{BAAEECBE-AEE8-462B-8BB2-DB9C5547113E}.Debug|Any CPU.ActiveCfg = Debug|Any CPU
		{BAAEECBE-AEE8-462B-8BB2-DB9C5547113E}.Debug|Any CPU.Build.0 = Debug|Any CPU
		{BAAEECBE-AEE8-462B-8BB2-DB9C5547113E}.Release|Any CPU.ActiveCfg = Release|Any CPU
		{BAAEECBE-AEE8-462B-8BB2-DB9C5547113E}.Release|Any CPU.Build.0 = Release|Any CPU
		{BE8865B2-78C0-40E2-A4E7-1572BA72AE27}.Debug|Any CPU.ActiveCfg = Debug|Any CPU
		{BE8865B2-78C0-40E2-A4E7-1572BA72AE27}.Debug|Any CPU.Build.0 = Debug|Any CPU
		{BE8865B2-78C0-40E2-A4E7-1572BA72AE27}.Release|Any CPU.ActiveCfg = Release|Any CPU
		{BE8865B2-78C0-40E2-A4E7-1572BA72AE27}.Release|Any CPU.Build.0 = Release|Any CPU
	EndGlobalSection
	GlobalSection(SolutionProperties) = preSolution
		HideSolutionNode = FALSE
	EndGlobalSection
EndGlobal
